// !$*UTF8*$!
{
	archiveVersion = 1;
	classes = {
	};
	objectVersion = 50;
	objects = {

/* Begin PBXBuildFile section */
		0A8AAB8F22FD1AE100A5E61B /* AppDelegate.swift in Sources */ = {isa = PBXBuildFile; fileRef = 0A8AAB8E22FD1AE100A5E61B /* AppDelegate.swift */; };
		0A8AAB9622FD1AE300A5E61B /* Assets.xcassets in Resources */ = {isa = PBXBuildFile; fileRef = 0A8AAB9522FD1AE300A5E61B /* Assets.xcassets */; };
		0A8AAB9922FD1AE300A5E61B /* LaunchScreen.storyboard in Resources */ = {isa = PBXBuildFile; fileRef = 0A8AAB9722FD1AE300A5E61B /* LaunchScreen.storyboard */; };
		0A8AABA422FD1AE400A5E61B /* ColumnsTests.swift in Sources */ = {isa = PBXBuildFile; fileRef = 0A8AABA322FD1AE400A5E61B /* ColumnsTests.swift */; };
		0A8AABAF22FD1B9A00A5E61B /* Column.swift in Sources */ = {isa = PBXBuildFile; fileRef = 0A8AABAE22FD1B9A00A5E61B /* Column.swift */; };
/* End PBXBuildFile section */

/* Begin PBXContainerItemProxy section */
		0A8AABA022FD1AE400A5E61B /* PBXContainerItemProxy */ = {
			isa = PBXContainerItemProxy;
			containerPortal = 0A8AAB8322FD1AE100A5E61B /* Project object */;
			proxyType = 1;
			remoteGlobalIDString = 0A8AAB8A22FD1AE100A5E61B;
			remoteInfo = Columns;
		};
/* End PBXContainerItemProxy section */

/* Begin PBXFileReference section */
		0A8AAB8B22FD1AE100A5E61B /* Columns.app */ = {isa = PBXFileReference; explicitFileType = wrapper.application; includeInIndex = 0; path = Columns.app; sourceTree = BUILT_PRODUCTS_DIR; };
		0A8AAB8E22FD1AE100A5E61B /* AppDelegate.swift */ = {isa = PBXFileReference; lastKnownFileType = sourcecode.swift; path = AppDelegate.swift; sourceTree = "<group>"; };
		0A8AAB9522FD1AE300A5E61B /* Assets.xcassets */ = {isa = PBXFileReference; lastKnownFileType = folder.assetcatalog; path = Assets.xcassets; sourceTree = "<group>"; };
		0A8AAB9822FD1AE300A5E61B /* Base */ = {isa = PBXFileReference; lastKnownFileType = file.storyboard; name = Base; path = Base.lproj/LaunchScreen.storyboard; sourceTree = "<group>"; };
		0A8AAB9A22FD1AE300A5E61B /* Info.plist */ = {isa = PBXFileReference; lastKnownFileType = text.plist.xml; path = Info.plist; sourceTree = "<group>"; };
		0A8AAB9F22FD1AE400A5E61B /* ColumnsTests.xctest */ = {isa = PBXFileReference; explicitFileType = wrapper.cfbundle; includeInIndex = 0; path = ColumnsTests.xctest; sourceTree = BUILT_PRODUCTS_DIR; };
		0A8AABA322FD1AE400A5E61B /* ColumnsTests.swift */ = {isa = PBXFileReference; lastKnownFileType = sourcecode.swift; path = ColumnsTests.swift; sourceTree = "<group>"; };
		0A8AABA522FD1AE400A5E61B /* Info.plist */ = {isa = PBXFileReference; lastKnownFileType = text.plist.xml; path = Info.plist; sourceTree = "<group>"; };
		0A8AABAE22FD1B9A00A5E61B /* Column.swift */ = {isa = PBXFileReference; lastKnownFileType = sourcecode.swift; path = Column.swift; sourceTree = "<group>"; };
/* End PBXFileReference section */

/* Begin PBXFrameworksBuildPhase section */
		0A8AAB8822FD1AE100A5E61B /* Frameworks */ = {
			isa = PBXFrameworksBuildPhase;
			buildActionMask = 2147483647;
			files = (
			);
			runOnlyForDeploymentPostprocessing = 0;
		};
		0A8AAB9C22FD1AE400A5E61B /* Frameworks */ = {
			isa = PBXFrameworksBuildPhase;
			buildActionMask = 2147483647;
			files = (
			);
			runOnlyForDeploymentPostprocessing = 0;
		};
/* End PBXFrameworksBuildPhase section */

/* Begin PBXGroup section */
		0A8AAB8222FD1AE100A5E61B = {
			isa = PBXGroup;
			children = (
				0A8AAB8D22FD1AE100A5E61B /* Columns */,
				0A8AABA222FD1AE400A5E61B /* ColumnsTests */,
				0A8AAB8C22FD1AE100A5E61B /* Products */,
			);
			sourceTree = "<group>";
		};
		0A8AAB8C22FD1AE100A5E61B /* Products */ = {
			isa = PBXGroup;
			children = (
				0A8AAB8B22FD1AE100A5E61B /* Columns.app */,
				0A8AAB9F22FD1AE400A5E61B /* ColumnsTests.xctest */,
			);
			name = Products;
			sourceTree = "<group>";
		};
		0A8AAB8D22FD1AE100A5E61B /* Columns */ = {
			isa = PBXGroup;
			children = (
				0A8AAB8E22FD1AE100A5E61B /* AppDelegate.swift */,
				0A8AABAE22FD1B9A00A5E61B /* Column.swift */,
				0A8AAB9522FD1AE300A5E61B /* Assets.xcassets */,
				0A8AAB9722FD1AE300A5E61B /* LaunchScreen.storyboard */,
				0A8AAB9A22FD1AE300A5E61B /* Info.plist */,
			);
			path = Columns;
			sourceTree = "<group>";
		};
		0A8AABA222FD1AE400A5E61B /* ColumnsTests */ = {
			isa = PBXGroup;
			children = (
				0A8AABA322FD1AE400A5E61B /* ColumnsTests.swift */,
				0A8AABA522FD1AE400A5E61B /* Info.plist */,
			);
			path = ColumnsTests;
			sourceTree = "<group>";
		};
/* End PBXGroup section */

/* Begin PBXNativeTarget section */
		0A8AAB8A22FD1AE100A5E61B /* Columns */ = {
			isa = PBXNativeTarget;
			buildConfigurationList = 0A8AABA822FD1AE400A5E61B /* Build configuration list for PBXNativeTarget "Columns" */;
			buildPhases = (
				0A8AAB8722FD1AE100A5E61B /* Sources */,
				0A8AAB8822FD1AE100A5E61B /* Frameworks */,
				0A8AAB8922FD1AE100A5E61B /* Resources */,
			);
			buildRules = (
			);
			dependencies = (
			);
			name = Columns;
			productName = Columns;
			productReference = 0A8AAB8B22FD1AE100A5E61B /* Columns.app */;
			productType = "com.apple.product-type.application";
		};
		0A8AAB9E22FD1AE400A5E61B /* ColumnsTests */ = {
			isa = PBXNativeTarget;
			buildConfigurationList = 0A8AABAB22FD1AE400A5E61B /* Build configuration list for PBXNativeTarget "ColumnsTests" */;
			buildPhases = (
				0A8AAB9B22FD1AE400A5E61B /* Sources */,
				0A8AAB9C22FD1AE400A5E61B /* Frameworks */,
				0A8AAB9D22FD1AE400A5E61B /* Resources */,
			);
			buildRules = (
			);
			dependencies = (
				0A8AABA122FD1AE400A5E61B /* PBXTargetDependency */,
			);
			name = ColumnsTests;
			productName = ColumnsTests;
			productReference = 0A8AAB9F22FD1AE400A5E61B /* ColumnsTests.xctest */;
			productType = "com.apple.product-type.bundle.unit-test";
		};
/* End PBXNativeTarget section */

/* Begin PBXProject section */
		0A8AAB8322FD1AE100A5E61B /* Project object */ = {
			isa = PBXProject;
			attributes = {
				LastSwiftUpdateCheck = 1030;
				LastUpgradeCheck = 1030;
				ORGANIZATIONNAME = "Kyle Van Essen";
				TargetAttributes = {
					0A8AAB8A22FD1AE100A5E61B = {
						CreatedOnToolsVersion = 10.3;
					};
					0A8AAB9E22FD1AE400A5E61B = {
						CreatedOnToolsVersion = 10.3;
						TestTargetID = 0A8AAB8A22FD1AE100A5E61B;
					};
				};
			};
			buildConfigurationList = 0A8AAB8622FD1AE100A5E61B /* Build configuration list for PBXProject "Columns" */;
			compatibilityVersion = "Xcode 9.3";
			developmentRegion = en;
			hasScannedForEncodings = 0;
			knownRegions = (
				en,
				Base,
			);
			mainGroup = 0A8AAB8222FD1AE100A5E61B;
			productRefGroup = 0A8AAB8C22FD1AE100A5E61B /* Products */;
			projectDirPath = "";
			projectRoot = "";
			targets = (
				0A8AAB8A22FD1AE100A5E61B /* Columns */,
				0A8AAB9E22FD1AE400A5E61B /* ColumnsTests */,
			);
		};
/* End PBXProject section */

/* Begin PBXResourcesBuildPhase section */
		0A8AAB8922FD1AE100A5E61B /* Resources */ = {
			isa = PBXResourcesBuildPhase;
			buildActionMask = 2147483647;
			files = (
				0A8AAB9922FD1AE300A5E61B /* LaunchScreen.storyboard in Resources */,
				0A8AAB9622FD1AE300A5E61B /* Assets.xcassets in Resources */,
			);
			runOnlyForDeploymentPostprocessing = 0;
		};
		0A8AAB9D22FD1AE400A5E61B /* Resources */ = {
			isa = PBXResourcesBuildPhase;
			buildActionMask = 2147483647;
			files = (
			);
			runOnlyForDeploymentPostprocessing = 0;
		};
/* End PBXResourcesBuildPhase section */

/* Begin PBXSourcesBuildPhase section */
		0A8AAB8722FD1AE100A5E61B /* Sources */ = {
			isa = PBXSourcesBuildPhase;
			buildActionMask = 2147483647;
			files = (
				0A8AAB8F22FD1AE100A5E61B /* AppDelegate.swift in Sources */,
				0A8AABAF22FD1B9A00A5E61B /* Column.swift in Sources */,
			);
			runOnlyForDeploymentPostprocessing = 0;
		};
		0A8AAB9B22FD1AE400A5E61B /* Sources */ = {
			isa = PBXSourcesBuildPhase;
			buildActionMask = 2147483647;
			files = (
				0A8AABA422FD1AE400A5E61B /* ColumnsTests.swift in Sources */,
			);
			runOnlyForDeploymentPostprocessing = 0;
		};
/* End PBXSourcesBuildPhase section */

/* Begin PBXTargetDependency section */
		0A8AABA122FD1AE400A5E61B /* PBXTargetDependency */ = {
			isa = PBXTargetDependency;
			target = 0A8AAB8A22FD1AE100A5E61B /* Columns */;
			targetProxy = 0A8AABA022FD1AE400A5E61B /* PBXContainerItemProxy */;
		};
/* End PBXTargetDependency section */

/* Begin PBXVariantGroup section */
		0A8AAB9722FD1AE300A5E61B /* LaunchScreen.storyboard */ = {
			isa = PBXVariantGroup;
			children = (
				0A8AAB9822FD1AE300A5E61B /* Base */,
			);
			name = LaunchScreen.storyboard;
			sourceTree = "<group>";
		};
/* End PBXVariantGroup section */

/* Begin XCBuildConfiguration section */
		0A8AABA622FD1AE400A5E61B /* Debug */ = {
			isa = XCBuildConfiguration;
			buildSettings = {
				ALWAYS_SEARCH_USER_PATHS = NO;
				CLANG_ANALYZER_NONNULL = YES;
				CLANG_ANALYZER_NUMBER_OBJECT_CONVERSION = YES_AGGRESSIVE;
				CLANG_CXX_LANGUAGE_STANDARD = "gnu++14";
				CLANG_CXX_LIBRARY = "libc++";
				CLANG_ENABLE_MODULES = YES;
				CLANG_ENABLE_OBJC_ARC = YES;
				CLANG_ENABLE_OBJC_WEAK = YES;
				CLANG_WARN_BLOCK_CAPTURE_AUTORELEASING = YES;
				CLANG_WARN_BOOL_CONVERSION = YES;
				CLANG_WARN_COMMA = YES;
				CLANG_WARN_CONSTANT_CONVERSION = YES;
				CLANG_WARN_DEPRECATED_OBJC_IMPLEMENTATIONS = YES;
				CLANG_WARN_DIRECT_OBJC_ISA_USAGE = YES_ERROR;
				CLANG_WARN_DOCUMENTATION_COMMENTS = YES;
				CLANG_WARN_EMPTY_BODY = YES;
				CLANG_WARN_ENUM_CONVERSION = YES;
				CLANG_WARN_INFINITE_RECURSION = YES;
				CLANG_WARN_INT_CONVERSION = YES;
				CLANG_WARN_NON_LITERAL_NULL_CONVERSION = YES;
				CLANG_WARN_OBJC_IMPLICIT_RETAIN_SELF = YES;
				CLANG_WARN_OBJC_LITERAL_CONVERSION = YES;
				CLANG_WARN_OBJC_ROOT_CLASS = YES_ERROR;
				CLANG_WARN_RANGE_LOOP_ANALYSIS = YES;
				CLANG_WARN_STRICT_PROTOTYPES = YES;
				CLANG_WARN_SUSPICIOUS_MOVE = YES;
				CLANG_WARN_UNGUARDED_AVAILABILITY = YES_AGGRESSIVE;
				CLANG_WARN_UNREACHABLE_CODE = YES;
				CLANG_WARN__DUPLICATE_METHOD_MATCH = YES;
				CODE_SIGN_IDENTITY = "iPhone Developer";
				COPY_PHASE_STRIP = NO;
				DEBUG_INFORMATION_FORMAT = dwarf;
				ENABLE_STRICT_OBJC_MSGSEND = YES;
				ENABLE_TESTABILITY = YES;
				GCC_C_LANGUAGE_STANDARD = gnu11;
				GCC_DYNAMIC_NO_PIC = NO;
				GCC_NO_COMMON_BLOCKS = YES;
				GCC_OPTIMIZATION_LEVEL = 0;
				GCC_PREPROCESSOR_DEFINITIONS = (
					"DEBUG=1",
					"$(inherited)",
				);
				GCC_WARN_64_TO_32_BIT_CONVERSION = YES;
				GCC_WARN_ABOUT_RETURN_TYPE = YES_ERROR;
				GCC_WARN_UNDECLARED_SELECTOR = YES;
				GCC_WARN_UNINITIALIZED_AUTOS = YES_AGGRESSIVE;
				GCC_WARN_UNUSED_FUNCTION = YES;
				GCC_WARN_UNUSED_VARIABLE = YES;
				IPHONEOS_DEPLOYMENT_TARGET = 12.4;
				MTL_ENABLE_DEBUG_INFO = INCLUDE_SOURCE;
				MTL_FAST_MATH = YES;
				ONLY_ACTIVE_ARCH = YES;
				SDKROOT = iphoneos;
				SWIFT_ACTIVE_COMPILATION_CONDITIONS = DEBUG;
				SWIFT_OPTIMIZATION_LEVEL = "-Onone";
			};
			name = Debug;
		};
		0A8AABA722FD1AE400A5E61B /* Release */ = {
			isa = XCBuildConfiguration;
			buildSettings = {
				ALWAYS_SEARCH_USER_PATHS = NO;
				CLANG_ANALYZER_NONNULL = YES;
				CLANG_ANALYZER_NUMBER_OBJECT_CONVERSION = YES_AGGRESSIVE;
				CLANG_CXX_LANGUAGE_STANDARD = "gnu++14";
				CLANG_CXX_LIBRARY = "libc++";
				CLANG_ENABLE_MODULES = YES;
				CLANG_ENABLE_OBJC_ARC = YES;
				CLANG_ENABLE_OBJC_WEAK = YES;
				CLANG_WARN_BLOCK_CAPTURE_AUTORELEASING = YES;
				CLANG_WARN_BOOL_CONVERSION = YES;
				CLANG_WARN_COMMA = YES;
				CLANG_WARN_CONSTANT_CONVERSION = YES;
				CLANG_WARN_DEPRECATED_OBJC_IMPLEMENTATIONS = YES;
				CLANG_WARN_DIRECT_OBJC_ISA_USAGE = YES_ERROR;
				CLANG_WARN_DOCUMENTATION_COMMENTS = YES;
				CLANG_WARN_EMPTY_BODY = YES;
				CLANG_WARN_ENUM_CONVERSION = YES;
				CLANG_WARN_INFINITE_RECURSION = YES;
				CLANG_WARN_INT_CONVERSION = YES;
				CLANG_WARN_NON_LITERAL_NULL_CONVERSION = YES;
				CLANG_WARN_OBJC_IMPLICIT_RETAIN_SELF = YES;
				CLANG_WARN_OBJC_LITERAL_CONVERSION = YES;
				CLANG_WARN_OBJC_ROOT_CLASS = YES_ERROR;
				CLANG_WARN_RANGE_LOOP_ANALYSIS = YES;
				CLANG_WARN_STRICT_PROTOTYPES = YES;
				CLANG_WARN_SUSPICIOUS_MOVE = YES;
				CLANG_WARN_UNGUARDED_AVAILABILITY = YES_AGGRESSIVE;
				CLANG_WARN_UNREACHABLE_CODE = YES;
				CLANG_WARN__DUPLICATE_METHOD_MATCH = YES;
				CODE_SIGN_IDENTITY = "iPhone Developer";
				COPY_PHASE_STRIP = NO;
				DEBUG_INFORMATION_FORMAT = "dwarf-with-dsym";
				ENABLE_NS_ASSERTIONS = NO;
				ENABLE_STRICT_OBJC_MSGSEND = YES;
				GCC_C_LANGUAGE_STANDARD = gnu11;
				GCC_NO_COMMON_BLOCKS = YES;
				GCC_WARN_64_TO_32_BIT_CONVERSION = YES;
				GCC_WARN_ABOUT_RETURN_TYPE = YES_ERROR;
				GCC_WARN_UNDECLARED_SELECTOR = YES;
				GCC_WARN_UNINITIALIZED_AUTOS = YES_AGGRESSIVE;
				GCC_WARN_UNUSED_FUNCTION = YES;
				GCC_WARN_UNUSED_VARIABLE = YES;
				IPHONEOS_DEPLOYMENT_TARGET = 12.4;
				MTL_ENABLE_DEBUG_INFO = NO;
				MTL_FAST_MATH = YES;
				SDKROOT = iphoneos;
				SWIFT_COMPILATION_MODE = wholemodule;
				SWIFT_OPTIMIZATION_LEVEL = "-O";
				VALIDATE_PRODUCT = YES;
			};
			name = Release;
		};
		0A8AABA922FD1AE400A5E61B /* Debug */ = {
			isa = XCBuildConfiguration;
			buildSettings = {
				ASSETCATALOG_COMPILER_APPICON_NAME = AppIcon;
				CODE_SIGN_STYLE = Automatic;
				INFOPLIST_FILE = Columns/Info.plist;
				LD_RUNPATH_SEARCH_PATHS = (
					"$(inherited)",
					"@executable_path/Frameworks",
				);
				PRODUCT_BUNDLE_IDENTIFIER = com.kve.Columns;
				PRODUCT_NAME = "$(TARGET_NAME)";
				SWIFT_VERSION = 5.0;
				TARGETED_DEVICE_FAMILY = "1,2";
			};
			name = Debug;
		};
		0A8AABAA22FD1AE400A5E61B /* Release */ = {
			isa = XCBuildConfiguration;
			buildSettings = {
				ASSETCATALOG_COMPILER_APPICON_NAME = AppIcon;
				CODE_SIGN_STYLE = Automatic;
				INFOPLIST_FILE = Columns/Info.plist;
				LD_RUNPATH_SEARCH_PATHS = (
					"$(inherited)",
					"@executable_path/Frameworks",
				);
				PRODUCT_BUNDLE_IDENTIFIER = com.kve.Columns;
				PRODUCT_NAME = "$(TARGET_NAME)";
				SWIFT_VERSION = 5.0;
				TARGETED_DEVICE_FAMILY = "1,2";
			};
			name = Release;
		};
		0A8AABAC22FD1AE400A5E61B /* Debug */ = {
			isa = XCBuildConfiguration;
			buildSettings = {
				ALWAYS_EMBED_SWIFT_STANDARD_LIBRARIES = YES;
				BUNDLE_LOADER = "$(TEST_HOST)";
				CODE_SIGN_STYLE = Automatic;
				INFOPLIST_FILE = ColumnsTests/Info.plist;
				LD_RUNPATH_SEARCH_PATHS = (
					"$(inherited)",
					"@executable_path/Frameworks",
					"@loader_path/Frameworks",
				);
				PRODUCT_BUNDLE_IDENTIFIER = com.kve.ColumnsTests;
				PRODUCT_NAME = "$(TARGET_NAME)";
				SWIFT_VERSION = 5.0;
				TARGETED_DEVICE_FAMILY = "1,2";
				TEST_HOST = "$(BUILT_PRODUCTS_DIR)/Columns.app/Columns";
			};
			name = Debug;
		};
		0A8AABAD22FD1AE400A5E61B /* Release */ = {
			isa = XCBuildConfiguration;
			buildSettings = {
				ALWAYS_EMBED_SWIFT_STANDARD_LIBRARIES = YES;
				BUNDLE_LOADER = "$(TEST_HOST)";
				CODE_SIGN_STYLE = Automatic;
				INFOPLIST_FILE = ColumnsTests/Info.plist;
				LD_RUNPATH_SEARCH_PATHS = (
					"$(inherited)",
					"@executable_path/Frameworks",
					"@loader_path/Frameworks",
				);
				PRODUCT_BUNDLE_IDENTIFIER = com.kve.ColumnsTests;
				PRODUCT_NAME = "$(TARGET_NAME)";
				SWIFT_VERSION = 5.0;
				TARGETED_DEVICE_FAMILY = "1,2";
				TEST_HOST = "$(BUILT_PRODUCTS_DIR)/Columns.app/Columns";
			};
			name = Release;
		};
/* End XCBuildConfiguration section */

/* Begin XCConfigurationList section */
		0A8AAB8622FD1AE100A5E61B /* Build configuration list for PBXProject "Columns" */ = {
			isa = XCConfigurationList;
			buildConfigurations = (
				0A8AABA622FD1AE400A5E61B /* Debug */,
				0A8AABA722FD1AE400A5E61B /* Release */,
			);
			defaultConfigurationIsVisible = 0;
			defaultConfigurationName = Release;
		};
		0A8AABA822FD1AE400A5E61B /* Build configuration list for PBXNativeTarget "Columns" */ = {
			isa = XCConfigurationList;
			buildConfigurations = (
				0A8AABA922FD1AE400A5E61B /* Debug */,
				0A8AABAA22FD1AE400A5E61B /* Release */,
			);
			defaultConfigurationIsVisible = 0;
			defaultConfigurationName = Release;
		};
		0A8AABAB22FD1AE400A5E61B /* Build configuration list for PBXNativeTarget "ColumnsTests" */ = {
			isa = XCConfigurationList;
			buildConfigurations = (
				0A8AABAC22FD1AE400A5E61B /* Debug */,
				0A8AABAD22FD1AE400A5E61B /* Release */,
			);
			defaultConfigurationIsVisible = 0;
			defaultConfigurationName = Release;
		};
/* End XCConfigurationList section */
	};
	rootObject = 0A8AAB8322FD1AE100A5E61B /* Project object */;
}
